
Microsoft Visual Studio Solution File, Format Version 12.00
# Visual Studio Version 17
VisualStudioVersion = 17.5.33530.505
MinimumVisualStudioVersion = 10.0.40219.1
Project("{9A19103F-16F7-4668-BE54-9A1E7A4F7556}") = "ExchangeProject.UpdateDatabase", "ExchangeProject.UpdateDatabase.csproj", "{62D930C9-44F1-41D3-94E6-3F86B630AD0E}"
	ProjectSection(ProjectDependencies) = postProject
		{C7E404E4-953B-499E-8FE0-A20C82DC6285} = {C7E404E4-953B-499E-8FE0-A20C82DC6285}
	EndProjectSection
EndProject
Project("{9A19103F-16F7-4668-BE54-9A1E7A4F7556}") = "ExchangeProject.Web", "..\ExchangeProject.Web\ExchangeProject.Web.csproj", "{7A44FA35-D06E-4275-AC72-BE04A39ED626}"
EndProject
Project("{9A19103F-16F7-4668-BE54-9A1E7A4F7556}") = "ExchangeProject.Database", "..\ExchangeProject.Database\ExchangeProject.Database.csproj", "{C7E404E4-953B-499E-8FE0-A20C82DC6285}"
EndProject
Global
	GlobalSection(SolutionConfigurationPlatforms) = preSolution
		Debug|Any CPU = Debug|Any CPU
		Release|Any CPU = Release|Any CPU
	EndGlobalSection
	GlobalSection(ProjectConfigurationPlatforms) = postSolution
		{62D930C9-44F1-41D3-94E6-3F86B630AD0E}.Debug|Any CPU.ActiveCfg = Debug|Any CPU
		{62D930C9-44F1-41D3-94E6-3F86B630AD0E}.Debug|Any CPU.Build.0 = Debug|Any CPU
		{62D930C9-44F1-41D3-94E6-3F86B630AD0E}.Release|Any CPU.ActiveCfg = Release|Any CPU
		{62D930C9-44F1-41D3-94E6-3F86B630AD0E}.Release|Any CPU.Build.0 = Release|Any CPU
		{7A44FA35-D06E-4275-AC72-BE04A39ED626}.Debug|Any CPU.ActiveCfg = Debug|Any CPU
		{7A44FA35-D06E-4275-AC72-BE04A39ED626}.Debug|Any CPU.Build.0 = Debug|Any CPU
		{7A44FA35-D06E-4275-AC72-BE04A39ED626}.Release|Any CPU.ActiveCfg = Release|Any CPU
		{7A44FA35-D06E-4275-AC72-BE04A39ED626}.Release|Any CPU.Build.0 = Release|Any CPU
		{C7E404E4-953B-499E-8FE0-A20C82DC6285}.Debug|Any CPU.ActiveCfg = Debug|Any CPU
		{C7E404E4-953B-499E-8FE0-A20C82DC6285}.Debug|Any CPU.Build.0 = Debug|Any CPU
		{C7E404E4-953B-499E-8FE0-A20C82DC6285}.Release|Any CPU.ActiveCfg = Release|Any CPU
		{C7E404E4-953B-499E-8FE0-A20C82DC6285}.Release|Any CPU.Build.0 = Release|Any CPU
	EndGlobalSection
	GlobalSection(SolutionProperties) = preSolution
		HideSolutionNode = FALSE
	EndGlobalSection
	GlobalSection(ExtensibilityGlobals) = postSolution
		SolutionGuid = {10546F0E-AA56-4849-AB8F-8E1A3D6FD8BC}
	EndGlobalSection
EndGlobal
